
Microsoft Visual Studio Solution File, Format Version 12.00
# Visual Studio Version 17
VisualStudioVersion = 17.7.34221.43
MinimumVisualStudioVersion = 10.0.40219.1
Project("{2150E333-8FDC-42A3-9474-1A3956D46DE8}") = "microservices", "microservices", "{393E43E0-4572-460D-9254-E1D98A7D53FF}"
EndProject
Project("{2150E333-8FDC-42A3-9474-1A3956D46DE8}") = "apiGateWay", "apiGateWay", "{CBBE8FCA-5F16-46B5-B18A-DF2E650FBB2A}"
EndProject
Project("{9A19103F-16F7-4668-BE54-9A1E7A4F7556}") = "ProductService", "Master\ProductService.csproj", "{BB5E414F-5303-4665-A606-7A10C9016B39}"
EndProject
Project("{9A19103F-16F7-4668-BE54-9A1E7A4F7556}") = "InventoryService", "InventoryAvailability\InventoryService.csproj", "{486DB527-34A0-4A46-866F-0218AFC9C954}"
EndProject
Project("{FAE04EC0-301F-11D3-BF4B-00C04F79EFBC}") = "PriceService", "PriceService\PriceService.csproj", "{9805F30F-E3EC-4181-8831-D9AE95224B2F}"
EndProject
Project("{FAE04EC0-301F-11D3-BF4B-00C04F79EFBC}") = "OnlineShoppingAPIGateway", "OnlineShoppingAPIGateway\OnlineShoppingAPIGateway.csproj", "{5050A110-0300-4023-AA2F-2E0C09DA0A87}"
EndProject
Project("{FAE04EC0-301F-11D3-BF4B-00C04F79EFBC}") = "UserService", "UserService\UserService.csproj", "{2FBE706E-1769-401D-9EE9-A95DAB89B15F}"
EndProject
Global
	GlobalSection(SolutionConfigurationPlatforms) = preSolution
		Debug|Any CPU = Debug|Any CPU
		Release|Any CPU = Release|Any CPU
	EndGlobalSection
	GlobalSection(ProjectConfigurationPlatforms) = postSolution
		{BB5E414F-5303-4665-A606-7A10C9016B39}.Debug|Any CPU.ActiveCfg = Debug|Any CPU
		{BB5E414F-5303-4665-A606-7A10C9016B39}.Debug|Any CPU.Build.0 = Debug|Any CPU
		{BB5E414F-5303-4665-A606-7A10C9016B39}.Release|Any CPU.ActiveCfg = Release|Any CPU
		{BB5E414F-5303-4665-A606-7A10C9016B39}.Release|Any CPU.Build.0 = Release|Any CPU
		{486DB527-34A0-4A46-866F-0218AFC9C954}.Debug|Any CPU.ActiveCfg = Debug|Any CPU
		{486DB527-34A0-4A46-866F-0218AFC9C954}.Debug|Any CPU.Build.0 = Debug|Any CPU
		{486DB527-34A0-4A46-866F-0218AFC9C954}.Release|Any CPU.ActiveCfg = Release|Any CPU
		{486DB527-34A0-4A46-866F-0218AFC9C954}.Release|Any CPU.Build.0 = Release|Any CPU
		{9805F30F-E3EC-4181-8831-D9AE95224B2F}.Debug|Any CPU.ActiveCfg = Debug|Any CPU
		{9805F30F-E3EC-4181-8831-D9AE95224B2F}.Debug|Any CPU.Build.0 = Debug|Any CPU
		{9805F30F-E3EC-4181-8831-D9AE95224B2F}.Release|Any CPU.ActiveCfg = Release|Any CPU
		{9805F30F-E3EC-4181-8831-D9AE95224B2F}.Release|Any CPU.Build.0 = Release|Any CPU
		{5050A110-0300-4023-AA2F-2E0C09DA0A87}.Debug|Any CPU.ActiveCfg = Debug|Any CPU
		{5050A110-0300-4023-AA2F-2E0C09DA0A87}.Debug|Any CPU.Build.0 = Debug|Any CPU
		{5050A110-0300-4023-AA2F-2E0C09DA0A87}.Release|Any CPU.ActiveCfg = Release|Any CPU
		{5050A110-0300-4023-AA2F-2E0C09DA0A87}.Release|Any CPU.Build.0 = Release|Any CPU
		{2FBE706E-1769-401D-9EE9-A95DAB89B15F}.Debug|Any CPU.ActiveCfg = Debug|Any CPU
		{2FBE706E-1769-401D-9EE9-A95DAB89B15F}.Debug|Any CPU.Build.0 = Debug|Any CPU
		{2FBE706E-1769-401D-9EE9-A95DAB89B15F}.Release|Any CPU.ActiveCfg = Release|Any CPU
		{2FBE706E-1769-401D-9EE9-A95DAB89B15F}.Release|Any CPU.Build.0 = Release|Any CPU
	EndGlobalSection
	GlobalSection(SolutionProperties) = preSolution
		HideSolutionNode = FALSE
	EndGlobalSection
	GlobalSection(NestedProjects) = preSolution
		{BB5E414F-5303-4665-A606-7A10C9016B39} = {393E43E0-4572-460D-9254-E1D98A7D53FF}
		{486DB527-34A0-4A46-866F-0218AFC9C954} = {393E43E0-4572-460D-9254-E1D98A7D53FF}
		{9805F30F-E3EC-4181-8831-D9AE95224B2F} = {393E43E0-4572-460D-9254-E1D98A7D53FF}
		{5050A110-0300-4023-AA2F-2E0C09DA0A87} = {CBBE8FCA-5F16-46B5-B18A-DF2E650FBB2A}
		{2FBE706E-1769-401D-9EE9-A95DAB89B15F} = {393E43E0-4572-460D-9254-E1D98A7D53FF}
	EndGlobalSection
	GlobalSection(ExtensibilityGlobals) = postSolution
		SolutionGuid = {D4A3AB5A-F556-4538-AD99-CF840C300914}
	EndGlobalSection
EndGlobal
